
Microsoft Visual Studio Solution File, Format Version 12.00
# Visual Studio Version 16
VisualStudioVersion = 16.0.30011.22
MinimumVisualStudioVersion = 10.0.40219.1
Project("{FAE04EC0-301F-11D3-BF4B-00C04F79EFBC}") = "MEMENIM-Android", "MEMENIM-Android.csproj", "{A23A0BE0-D37B-404B-AF33-828A19F4C50F}"
EndProject
Global
	GlobalSection(SolutionConfigurationPlatforms) = preSolution
		Debug|Any CPU = Debug|Any CPU
		Release|Any CPU = Release|Any CPU
	EndGlobalSection
	GlobalSection(ProjectConfigurationPlatforms) = postSolution
		{A23A0BE0-D37B-404B-AF33-828A19F4C50F}.Debug|Any CPU.ActiveCfg = Debug|Any CPU
		{A23A0BE0-D37B-404B-AF33-828A19F4C50F}.Debug|Any CPU.Build.0 = Debug|Any CPU
		{A23A0BE0-D37B-404B-AF33-828A19F4C50F}.Debug|Any CPU.Deploy.0 = Debug|Any CPU
		{A23A0BE0-D37B-404B-AF33-828A19F4C50F}.Release|Any CPU.ActiveCfg = Release|Any CPU
		{A23A0BE0-D37B-404B-AF33-828A19F4C50F}.Release|Any CPU.Build.0 = Release|Any CPU
		{A23A0BE0-D37B-404B-AF33-828A19F4C50F}.Release|Any CPU.Deploy.0 = Release|Any CPU
	EndGlobalSection
	GlobalSection(SolutionProperties) = preSolution
		HideSolutionNode = FALSE
	EndGlobalSection
	GlobalSection(ExtensibilityGlobals) = postSolution
		SolutionGuid = {F1AE9766-D7D1-4A8E-86AD-1A4B1F46E2FC}
	EndGlobalSection
EndGlobal
